
Microsoft Visual Studio Solution File, Format Version 12.00
# Visual Studio Version 17
VisualStudioVersion = 17.10.35004.147
MinimumVisualStudioVersion = 10.0.40219.1
Project("{FAE04EC0-301F-11D3-BF4B-00C04F79EFBC}") = "nguyenvantan_buoi8", "nguyenvantan_buoi8\nguyenvantan_buoi8.csproj", "{694B7E7A-8D12-44F7-B759-904307E53441}"
EndProject
Global
	GlobalSection(SolutionConfigurationPlatforms) = preSolution
		Debug|Any CPU = Debug|Any CPU
		Release|Any CPU = Release|Any CPU
	EndGlobalSection
	GlobalSection(ProjectConfigurationPlatforms) = postSolution
		{694B7E7A-8D12-44F7-B759-904307E53441}.Debug|Any CPU.ActiveCfg = Debug|Any CPU
		{694B7E7A-8D12-44F7-B759-904307E53441}.Debug|Any CPU.Build.0 = Debug|Any CPU
		{694B7E7A-8D12-44F7-B759-904307E53441}.Release|Any CPU.ActiveCfg = Release|Any CPU
		{694B7E7A-8D12-44F7-B759-904307E53441}.Release|Any CPU.Build.0 = Release|Any CPU
	EndGlobalSection
	GlobalSection(SolutionProperties) = preSolution
		HideSolutionNode = FALSE
	EndGlobalSection
	GlobalSection(ExtensibilityGlobals) = postSolution
		SolutionGuid = {CE231C77-9051-47ED-9CFF-33F25E81EBCB}
	EndGlobalSection
EndGlobal
